
Microsoft Visual Studio Solution File, Format Version 12.00
# Visual Studio Version 17
VisualStudioVersion = 17.6.33723.286
MinimumVisualStudioVersion = 10.0.40219.1
Project("{9A19103F-16F7-4668-BE54-9A1E7A4F7556}") = "BackendAutomation", "Demo\BackendAutomation.csproj", "{BF0616C9-4F48-4390-AF75-6093B08F00FB}"
EndProject
Global
	GlobalSection(SolutionConfigurationPlatforms) = preSolution
		Debug|Any CPU = Debug|Any CPU
		Release|Any CPU = Release|Any CPU
	EndGlobalSection
	GlobalSection(ProjectConfigurationPlatforms) = postSolution
		{BF0616C9-4F48-4390-AF75-6093B08F00FB}.Debug|Any CPU.ActiveCfg = Debug|Any CPU
		{BF0616C9-4F48-4390-AF75-6093B08F00FB}.Debug|Any CPU.Build.0 = Debug|Any CPU
		{BF0616C9-4F48-4390-AF75-6093B08F00FB}.Release|Any CPU.ActiveCfg = Release|Any CPU
		{BF0616C9-4F48-4390-AF75-6093B08F00FB}.Release|Any CPU.Build.0 = Release|Any CPU
	EndGlobalSection
	GlobalSection(SolutionProperties) = preSolution
		HideSolutionNode = FALSE
	EndGlobalSection
	GlobalSection(ExtensibilityGlobals) = postSolution
		SolutionGuid = {B97D76AF-2DAD-4929-A527-7A38ED3E7D96}
	EndGlobalSection
EndGlobal
